
Microsoft Visual Studio Solution File, Format Version 12.00
# Visual Studio 15
VisualStudioVersion = 15.0.28307.572
MinimumVisualStudioVersion = 10.0.40219.1
Project("{FAE04EC0-301F-11D3-BF4B-00C04F79EFBC}") = "testBluetooth", "testBluetooth\testBluetooth.csproj", "{19D1305A-F704-4AD3-98DE-992A76FAC76C}"
EndProject
Global
	GlobalSection(SolutionConfigurationPlatforms) = preSolution
		Debug|Any CPU = Debug|Any CPU
		Release|Any CPU = Release|Any CPU
	EndGlobalSection
	GlobalSection(ProjectConfigurationPlatforms) = postSolution
		{19D1305A-F704-4AD3-98DE-992A76FAC76C}.Debug|Any CPU.ActiveCfg = Debug|Any CPU
		{19D1305A-F704-4AD3-98DE-992A76FAC76C}.Debug|Any CPU.Build.0 = Debug|Any CPU
		{19D1305A-F704-4AD3-98DE-992A76FAC76C}.Release|Any CPU.ActiveCfg = Release|Any CPU
		{19D1305A-F704-4AD3-98DE-992A76FAC76C}.Release|Any CPU.Build.0 = Release|Any CPU
	EndGlobalSection
	GlobalSection(SolutionProperties) = preSolution
		HideSolutionNode = FALSE
	EndGlobalSection
	GlobalSection(ExtensibilityGlobals) = postSolution
		SolutionGuid = {9DD5B51D-1DD3-4886-AFF3-D4DA71083833}
	EndGlobalSection
EndGlobal
